{
  "name": "sm-polyfill",
  "version": "1.1.0",
  "lockfileVersion": 3,
  "requires": true,
  "packages": {
    "": {
      "name": "sm-polyfill",
      "version": "1.1.0",
      "license": "MIT",
      "dependencies": {
        "sm-crypto": "^0.3.0"
      },
      "devDependencies": {},
      "engines": {
        "node": ">=14.0.0"
      }
    },
    "node_modules/jsbn": {
      "version": "1.1.0",
      "resolved": "https://registry.npmjs.org/jsbn/-/jsbn-1.1.0.tgz",
      "integrity": "sha512-4bYVV3aAMtDTTu4+xsDYa6sy9GyJ69/amsu9sYF2zqjiEoZA5xJi3BrfX3uY+/IekIu7MwdObdbDWpoZdBv3/A==",
      "license": "MIT"
    },
    "node_modules/sm-crypto": {
      "version": "0.3.14",
      "resolved": "https://registry.npmjs.org/sm-crypto/-/sm-crypto-0.3.14.tgz",
      "integrity": "sha512-sR7NuGAJH93Om8keAF2/rj1EqFzEiUey4aKGyDo3nQ2BiVqhgq8UkiIoIp5qhV9w4pG7qArhfqyewcG8AbhXbg==",
      "license": "MIT",
      "dependencies": {
        "jsbn": "^1.1.0"
      }
    }
  }
}
